
Microsoft Visual Studio Solution File, Format Version 12.00
# Visual Studio Version 17
VisualStudioVersion = 17.10.34928.147
MinimumVisualStudioVersion = 10.0.40219.1
Project("{FAE04EC0-301F-11D3-BF4B-00C04F79EFBC}") = "CSClient", "CSClient.csproj", "{766BD085-A8A8-45F1-9772-29C652142A11}"
EndProject
Global
	GlobalSection(SolutionConfigurationPlatforms) = preSolution
		Debug|Any CPU = Debug|Any CPU
		Release|Any CPU = Release|Any CPU
	EndGlobalSection
	GlobalSection(ProjectConfigurationPlatforms) = postSolution
		{766BD085-A8A8-45F1-9772-29C652142A11}.Debug|Any CPU.ActiveCfg = Debug|Any CPU
		{766BD085-A8A8-45F1-9772-29C652142A11}.Debug|Any CPU.Build.0 = Debug|Any CPU
		{766BD085-A8A8-45F1-9772-29C652142A11}.Release|Any CPU.ActiveCfg = Release|Any CPU
		{766BD085-A8A8-45F1-9772-29C652142A11}.Release|Any CPU.Build.0 = Release|Any CPU
	EndGlobalSection
	GlobalSection(SolutionProperties) = preSolution
		HideSolutionNode = FALSE
	EndGlobalSection
	GlobalSection(ExtensibilityGlobals) = postSolution
		SolutionGuid = {880009D0-3E12-4A54-B1C6-967467592201}
	EndGlobalSection
EndGlobal
