
Microsoft Visual Studio Solution File, Format Version 12.00
# Visual Studio Version 17
VisualStudioVersion = 17.7.34024.191
MinimumVisualStudioVersion = 10.0.40219.1
Project("{FAE04EC0-301F-11D3-BF4B-00C04F79EFBC}") = "MessageDataCSProject", "MessageDataCSProject.csproj", "{F8FAE8FA-8C35-4091-A513-9B279FC9CC2B}"
EndProject
Global
	GlobalSection(SolutionConfigurationPlatforms) = preSolution
		Debug|Any CPU = Debug|Any CPU
		Release|Any CPU = Release|Any CPU
	EndGlobalSection
	GlobalSection(ProjectConfigurationPlatforms) = postSolution
		{F8FAE8FA-8C35-4091-A513-9B279FC9CC2B}.Debug|Any CPU.ActiveCfg = Debug|Any CPU
		{F8FAE8FA-8C35-4091-A513-9B279FC9CC2B}.Debug|Any CPU.Build.0 = Debug|Any CPU
		{F8FAE8FA-8C35-4091-A513-9B279FC9CC2B}.Release|Any CPU.ActiveCfg = Release|Any CPU
		{F8FAE8FA-8C35-4091-A513-9B279FC9CC2B}.Release|Any CPU.Build.0 = Release|Any CPU
	EndGlobalSection
	GlobalSection(SolutionProperties) = preSolution
		HideSolutionNode = FALSE
	EndGlobalSection
	GlobalSection(ExtensibilityGlobals) = postSolution
		SolutionGuid = {FC847535-CAA9-4082-B041-DD946ED700A0}
	EndGlobalSection
EndGlobal
